
Microsoft Visual Studio Solution File, Format Version 12.00
# Visual Studio Version 17
VisualStudioVersion = 17.8.34322.80
MinimumVisualStudioVersion = 10.0.40219.1
Project("{FAE04EC0-301F-11D3-BF4B-00C04F79EFBC}") = "SmallestMissing Integer", "SmallestMissing Integer\SmallestMissing Integer.csproj", "{A46311C2-36F8-4EB3-B373-A4BC0A36EAD0}"
EndProject
Global
	GlobalSection(SolutionConfigurationPlatforms) = preSolution
		Debug|Any CPU = Debug|Any CPU
		Release|Any CPU = Release|Any CPU
	EndGlobalSection
	GlobalSection(ProjectConfigurationPlatforms) = postSolution
		{A46311C2-36F8-4EB3-B373-A4BC0A36EAD0}.Debug|Any CPU.ActiveCfg = Debug|Any CPU
		{A46311C2-36F8-4EB3-B373-A4BC0A36EAD0}.Debug|Any CPU.Build.0 = Debug|Any CPU
		{A46311C2-36F8-4EB3-B373-A4BC0A36EAD0}.Release|Any CPU.ActiveCfg = Release|Any CPU
		{A46311C2-36F8-4EB3-B373-A4BC0A36EAD0}.Release|Any CPU.Build.0 = Release|Any CPU
	EndGlobalSection
	GlobalSection(SolutionProperties) = preSolution
		HideSolutionNode = FALSE
	EndGlobalSection
	GlobalSection(ExtensibilityGlobals) = postSolution
		SolutionGuid = {990BC96E-EF2E-4D37-BDBE-A91E06B19A07}
	EndGlobalSection
EndGlobal
